
Microsoft Visual Studio Solution File, Format Version 12.00
# Visual Studio Version 17
VisualStudioVersion = 17.2.32630.192
MinimumVisualStudioVersion = 10.0.40219.1
Project("{FAE04EC0-301F-11D3-BF4B-00C04F79EFBC}") = "SYSTEM", "SYSTEM\SYSTEM.csproj", "{3138042D-3A08-423B-8B80-3EAD4540077B}"
EndProject
Global
	GlobalSection(SolutionConfigurationPlatforms) = preSolution
		Debug|Any CPU = Debug|Any CPU
		Release|Any CPU = Release|Any CPU
	EndGlobalSection
	GlobalSection(ProjectConfigurationPlatforms) = postSolution
		{3138042D-3A08-423B-8B80-3EAD4540077B}.Debug|Any CPU.ActiveCfg = Debug|Any CPU
		{3138042D-3A08-423B-8B80-3EAD4540077B}.Debug|Any CPU.Build.0 = Debug|Any CPU
		{3138042D-3A08-423B-8B80-3EAD4540077B}.Release|Any CPU.ActiveCfg = Release|Any CPU
		{3138042D-3A08-423B-8B80-3EAD4540077B}.Release|Any CPU.Build.0 = Release|Any CPU
	EndGlobalSection
	GlobalSection(SolutionProperties) = preSolution
		HideSolutionNode = FALSE
	EndGlobalSection
	GlobalSection(ExtensibilityGlobals) = postSolution
		SolutionGuid = {828CDC71-9AE1-4212-996D-639D953D947E}
	EndGlobalSection
EndGlobal
